// !$*UTF8*$!
{
	archiveVersion = 1;
	classes = {
	};
	objectVersion = 50;
	objects = {

/* Begin PBXBuildFile section */
		013511A62187C9C900805E2C /* marvel.jpg in Resources */ = {isa = PBXBuildFile; fileRef = 013511A32187C9C800805E2C /* marvel.jpg */; };
		013511A72187C9C900805E2C /* science.jpg in Resources */ = {isa = PBXBuildFile; fileRef = 013511A42187C9C800805E2C /* science.jpg */; };
		013511A82187C9C900805E2C /* math.jpg in Resources */ = {isa = PBXBuildFile; fileRef = 013511A52187C9C800805E2C /* math.jpg */; };
		013511AA21884DC200805E2C /* QuizData.swift in Sources */ = {isa = PBXBuildFile; fileRef = 013511A921884DC200805E2C /* QuizData.swift */; };
		013511AC2188F21900805E2C /* QuizTableViewCell.swift in Sources */ = {isa = PBXBuildFile; fileRef = 013511AB2188F21900805E2C /* QuizTableViewCell.swift */; };
		01A176F8218F9C8900836F86 /* QuestionViewController.swift in Sources */ = {isa = PBXBuildFile; fileRef = 01A176F7218F9C8900836F86 /* QuestionViewController.swift */; };
		01A176FA219029CB00836F86 /* AnswerViewController.swift in Sources */ = {isa = PBXBuildFile; fileRef = 01A176F9219029CB00836F86 /* AnswerViewController.swift */; };
		01A176FC2190413E00836F86 /* FinishedViewController.swift in Sources */ = {isa = PBXBuildFile; fileRef = 01A176FB2190413E00836F86 /* FinishedViewController.swift */; };
		01CDD38C21854213001B5F81 /* AppDelegate.swift in Sources */ = {isa = PBXBuildFile; fileRef = 01CDD38B21854213001B5F81 /* AppDelegate.swift */; };
		01CDD38E21854213001B5F81 /* ViewController.swift in Sources */ = {isa = PBXBuildFile; fileRef = 01CDD38D21854213001B5F81 /* ViewController.swift */; };
		01CDD39121854213001B5F81 /* Main.storyboard in Resources */ = {isa = PBXBuildFile; fileRef = 01CDD38F21854213001B5F81 /* Main.storyboard */; };
		01CDD39321854214001B5F81 /* Assets.xcassets in Resources */ = {isa = PBXBuildFile; fileRef = 01CDD39221854214001B5F81 /* Assets.xcassets */; };
		01CDD39621854214001B5F81 /* LaunchScreen.storyboard in Resources */ = {isa = PBXBuildFile; fileRef = 01CDD39421854214001B5F81 /* LaunchScreen.storyboard */; };
		01CDD3A121854214001B5F81 /* iQuizTests.swift in Sources */ = {isa = PBXBuildFile; fileRef = 01CDD3A021854214001B5F81 /* iQuizTests.swift */; };
		01CDD3AC21854214001B5F81 /* iQuizUITests.swift in Sources */ = {isa = PBXBuildFile; fileRef = 01CDD3AB21854214001B5F81 /* iQuizUITests.swift */; };
/* End PBXBuildFile section */

/* Begin PBXContainerItemProxy section */
		01CDD39D21854214001B5F81 /* PBXContainerItemProxy */ = {
			isa = PBXContainerItemProxy;
			containerPortal = 01CDD38021854213001B5F81 /* Project object */;
			proxyType = 1;
			remoteGlobalIDString = 01CDD38721854213001B5F81;
			remoteInfo = iQuiz;
		};
		01CDD3A821854214001B5F81 /* PBXContainerItemProxy */ = {
			isa = PBXContainerItemProxy;
			containerPortal = 01CDD38021854213001B5F81 /* Project object */;
			proxyType = 1;
			remoteGlobalIDString = 01CDD38721854213001B5F81;
			remoteInfo = iQuiz;
		};
/* End PBXContainerItemProxy section */

/* Begin PBXFileReference section */
		013511A32187C9C800805E2C /* marvel.jpg */ = {isa = PBXFileReference; lastKnownFileType = image.jpeg; path = marvel.jpg; sourceTree = "<group>"; };
		013511A42187C9C800805E2C /* science.jpg */ = {isa = PBXFileReference; lastKnownFileType = image.jpeg; path = science.jpg; sourceTree = "<group>"; };
		013511A52187C9C800805E2C /* math.jpg */ = {isa = PBXFileReference; lastKnownFileType = image.jpeg; path = math.jpg; sourceTree = "<group>"; };
		013511A921884DC200805E2C /* QuizData.swift */ = {isa = PBXFileReference; lastKnownFileType = sourcecode.swift; path = QuizData.swift; sourceTree = "<group>"; };
		013511AB2188F21900805E2C /* QuizTableViewCell.swift */ = {isa = PBXFileReference; lastKnownFileType = sourcecode.swift; path = QuizTableViewCell.swift; sourceTree = "<group>"; };
		01A176F7218F9C8900836F86 /* QuestionViewController.swift */ = {isa = PBXFileReference; lastKnownFileType = sourcecode.swift; path = QuestionViewController.swift; sourceTree = "<group>"; };
		01A176F9219029CB00836F86 /* AnswerViewController.swift */ = {isa = PBXFileReference; lastKnownFileType = sourcecode.swift; path = AnswerViewController.swift; sourceTree = "<group>"; };
		01A176FB2190413E00836F86 /* FinishedViewController.swift */ = {isa = PBXFileReference; lastKnownFileType = sourcecode.swift; path = FinishedViewController.swift; sourceTree = "<group>"; };
		01CDD38821854213001B5F81 /* iQuiz.app */ = {isa = PBXFileReference; explicitFileType = wrapper.application; includeInIndex = 0; path = iQuiz.app; sourceTree = BUILT_PRODUCTS_DIR; };
		01CDD38B21854213001B5F81 /* AppDelegate.swift */ = {isa = PBXFileReference; lastKnownFileType = sourcecode.swift; path = AppDelegate.swift; sourceTree = "<group>"; };
		01CDD38D21854213001B5F81 /* ViewController.swift */ = {isa = PBXFileReference; lastKnownFileType = sourcecode.swift; path = ViewController.swift; sourceTree = "<group>"; };
		01CDD39021854213001B5F81 /* Base */ = {isa = PBXFileReference; lastKnownFileType = file.storyboard; name = Base; path = Base.lproj/Main.storyboard; sourceTree = "<group>"; };
		01CDD39221854214001B5F81 /* Assets.xcassets */ = {isa = PBXFileReference; lastKnownFileType = folder.assetcatalog; path = Assets.xcassets; sourceTree = "<group>"; };
		01CDD39521854214001B5F81 /* Base */ = {isa = PBXFileReference; lastKnownFileType = file.storyboard; name = Base; path = Base.lproj/LaunchScreen.storyboard; sourceTree = "<group>"; };
		01CDD39721854214001B5F81 /* Info.plist */ = {isa = PBXFileReference; lastKnownFileType = text.plist.xml; path = Info.plist; sourceTree = "<group>"; };
		01CDD39C21854214001B5F81 /* iQuizTests.xctest */ = {isa = PBXFileReference; explicitFileType = wrapper.cfbundle; includeInIndex = 0; path = iQuizTests.xctest; sourceTree = BUILT_PRODUCTS_DIR; };
		01CDD3A021854214001B5F81 /* iQuizTests.swift */ = {isa = PBXFileReference; lastKnownFileType = sourcecode.swift; path = iQuizTests.swift; sourceTree = "<group>"; };
		01CDD3A221854214001B5F81 /* Info.plist */ = {isa = PBXFileReference; lastKnownFileType = text.plist.xml; path = Info.plist; sourceTree = "<group>"; };
		01CDD3A721854214001B5F81 /* iQuizUITests.xctest */ = {isa = PBXFileReference; explicitFileType = wrapper.cfbundle; includeInIndex = 0; path = iQuizUITests.xctest; sourceTree = BUILT_PRODUCTS_DIR; };
		01CDD3AB21854214001B5F81 /* iQuizUITests.swift */ = {isa = PBXFileReference; lastKnownFileType = sourcecode.swift; path = iQuizUITests.swift; sourceTree = "<group>"; };
		01CDD3AD21854214001B5F81 /* Info.plist */ = {isa = PBXFileReference; lastKnownFileType = text.plist.xml; path = Info.plist; sourceTree = "<group>"; };
/* End PBXFileReference section */

/* Begin PBXFrameworksBuildPhase section */
		01CDD38521854213001B5F81 /* Frameworks */ = {
			isa = PBXFrameworksBuildPhase;
			buildActionMask = 2147483647;
			files = (
			);
			runOnlyForDeploymentPostprocessing = 0;
		};
		01CDD39921854214001B5F81 /* Frameworks */ = {
			isa = PBXFrameworksBuildPhase;
			buildActionMask = 2147483647;
			files = (
			);
			runOnlyForDeploymentPostprocessing = 0;
		};
		01CDD3A421854214001B5F81 /* Frameworks */ = {
			isa = PBXFrameworksBuildPhase;
			buildActionMask = 2147483647;
			files = (
			);
			runOnlyForDeploymentPostprocessing = 0;
		};
/* End PBXFrameworksBuildPhase section */

/* Begin PBXGroup section */
		013511A22187C9C800805E2C /* Cell Pics */ = {
			isa = PBXGroup;
			children = (
				013511A32187C9C800805E2C /* marvel.jpg */,
				013511A42187C9C800805E2C /* science.jpg */,
				013511A52187C9C800805E2C /* math.jpg */,
			);
			path = "Cell Pics";
			sourceTree = "<group>";
		};
		01CDD37F21854213001B5F81 = {
			isa = PBXGroup;
			children = (
				01CDD38A21854213001B5F81 /* iQuiz */,
				01CDD39F21854214001B5F81 /* iQuizTests */,
				01CDD3AA21854214001B5F81 /* iQuizUITests */,
				01CDD38921854213001B5F81 /* Products */,
				013511A22187C9C800805E2C /* Cell Pics */,
			);
			sourceTree = "<group>";
		};
		01CDD38921854213001B5F81 /* Products */ = {
			isa = PBXGroup;
			children = (
				01CDD38821854213001B5F81 /* iQuiz.app */,
				01CDD39C21854214001B5F81 /* iQuizTests.xctest */,
				01CDD3A721854214001B5F81 /* iQuizUITests.xctest */,
			);
			name = Products;
			sourceTree = "<group>";
		};
		01CDD38A21854213001B5F81 /* iQuiz */ = {
			isa = PBXGroup;
			children = (
				01CDD38B21854213001B5F81 /* AppDelegate.swift */,
				01CDD38D21854213001B5F81 /* ViewController.swift */,
				013511A921884DC200805E2C /* QuizData.swift */,
				01CDD38F21854213001B5F81 /* Main.storyboard */,
				01A176F7218F9C8900836F86 /* QuestionViewController.swift */,
				01A176FB2190413E00836F86 /* FinishedViewController.swift */,
				01A176F9219029CB00836F86 /* AnswerViewController.swift */,
				013511AB2188F21900805E2C /* QuizTableViewCell.swift */,
				01CDD39221854214001B5F81 /* Assets.xcassets */,
				01CDD39421854214001B5F81 /* LaunchScreen.storyboard */,
				01CDD39721854214001B5F81 /* Info.plist */,
			);
			path = iQuiz;
			sourceTree = "<group>";
		};
		01CDD39F21854214001B5F81 /* iQuizTests */ = {
			isa = PBXGroup;
			children = (
				01CDD3A021854214001B5F81 /* iQuizTests.swift */,
				01CDD3A221854214001B5F81 /* Info.plist */,
			);
			path = iQuizTests;
			sourceTree = "<group>";
		};
		01CDD3AA21854214001B5F81 /* iQuizUITests */ = {
			isa = PBXGroup;
			children = (
				01CDD3AB21854214001B5F81 /* iQuizUITests.swift */,
				01CDD3AD21854214001B5F81 /* Info.plist */,
			);
			path = iQuizUITests;
			sourceTree = "<group>";
		};
/* End PBXGroup section */

/* Begin PBXNativeTarget section */
		01CDD38721854213001B5F81 /* iQuiz */ = {
			isa = PBXNativeTarget;
			buildConfigurationList = 01CDD3B021854214001B5F81 /* Build configuration list for PBXNativeTarget "iQuiz" */;
			buildPhases = (
				01CDD38421854213001B5F81 /* Sources */,
				01CDD38521854213001B5F81 /* Frameworks */,
				01CDD38621854213001B5F81 /* Resources */,
			);
			buildRules = (
			);
			dependencies = (
			);
			name = iQuiz;
			productName = iQuiz;
			productReference = 01CDD38821854213001B5F81 /* iQuiz.app */;
			productType = "com.apple.product-type.application";
		};
		01CDD39B21854214001B5F81 /* iQuizTests */ = {
			isa = PBXNativeTarget;
			buildConfigurationList = 01CDD3B321854214001B5F81 /* Build configuration list for PBXNativeTarget "iQuizTests" */;
			buildPhases = (
				01CDD39821854214001B5F81 /* Sources */,
				01CDD39921854214001B5F81 /* Frameworks */,
				01CDD39A21854214001B5F81 /* Resources */,
			);
			buildRules = (
			);
			dependencies = (
				01CDD39E21854214001B5F81 /* PBXTargetDependency */,
			);
			name = iQuizTests;
			productName = iQuizTests;
			productReference = 01CDD39C21854214001B5F81 /* iQuizTests.xctest */;
			productType = "com.apple.product-type.bundle.unit-test";
		};
		01CDD3A621854214001B5F81 /* iQuizUITests */ = {
			isa = PBXNativeTarget;
			buildConfigurationList = 01CDD3B621854214001B5F81 /* Build configuration list for PBXNativeTarget "iQuizUITests" */;
			buildPhases = (
				01CDD3A321854214001B5F81 /* Sources */,
				01CDD3A421854214001B5F81 /* Frameworks */,
				01CDD3A521854214001B5F81 /* Resources */,
			);
			buildRules = (
			);
			dependencies = (
				01CDD3A921854214001B5F81 /* PBXTargetDependency */,
			);
			name = iQuizUITests;
			productName = iQuizUITests;
			productReference = 01CDD3A721854214001B5F81 /* iQuizUITests.xctest */;
			productType = "com.apple.product-type.bundle.ui-testing";
		};
/* End PBXNativeTarget section */

/* Begin PBXProject section */
		01CDD38021854213001B5F81 /* Project object */ = {
			isa = PBXProject;
			attributes = {
				LastSwiftUpdateCheck = 1000;
				LastUpgradeCheck = 1000;
				ORGANIZATIONNAME = GeFrank;
				TargetAttributes = {
					01CDD38721854213001B5F81 = {
						CreatedOnToolsVersion = 10.0;
					};
					01CDD39B21854214001B5F81 = {
						CreatedOnToolsVersion = 10.0;
						TestTargetID = 01CDD38721854213001B5F81;
					};
					01CDD3A621854214001B5F81 = {
						CreatedOnToolsVersion = 10.0;
						TestTargetID = 01CDD38721854213001B5F81;
					};
				};
			};
			buildConfigurationList = 01CDD38321854213001B5F81 /* Build configuration list for PBXProject "iQuiz" */;
			compatibilityVersion = "Xcode 9.3";
			developmentRegion = en;
			hasScannedForEncodings = 0;
			knownRegions = (
				en,
				Base,
			);
			mainGroup = 01CDD37F21854213001B5F81;
			productRefGroup = 01CDD38921854213001B5F81 /* Products */;
			projectDirPath = "";
			projectRoot = "";
			targets = (
				01CDD38721854213001B5F81 /* iQuiz */,
				01CDD39B21854214001B5F81 /* iQuizTests */,
				01CDD3A621854214001B5F81 /* iQuizUITests */,
			);
		};
/* End PBXProject section */

/* Begin PBXResourcesBuildPhase section */
		01CDD38621854213001B5F81 /* Resources */ = {
			isa = PBXResourcesBuildPhase;
			buildActionMask = 2147483647;
			files = (
				013511A62187C9C900805E2C /* marvel.jpg in Resources */,
				013511A82187C9C900805E2C /* math.jpg in Resources */,
				013511A72187C9C900805E2C /* science.jpg in Resources */,
				01CDD39621854214001B5F81 /* LaunchScreen.storyboard in Resources */,
				01CDD39321854214001B5F81 /* Assets.xcassets in Resources */,
				01CDD39121854213001B5F81 /* Main.storyboard in Resources */,
			);
			runOnlyForDeploymentPostprocessing = 0;
		};
		01CDD39A21854214001B5F81 /* Resources */ = {
			isa = PBXResourcesBuildPhase;
			buildActionMask = 2147483647;
			files = (
			);
			runOnlyForDeploymentPostprocessing = 0;
		};
		01CDD3A521854214001B5F81 /* Resources */ = {
			isa = PBXResourcesBuildPhase;
			buildActionMask = 2147483647;
			files = (
			);
			runOnlyForDeploymentPostprocessing = 0;
		};
/* End PBXResourcesBuildPhase section */

/* Begin PBXSourcesBuildPhase section */
		01CDD38421854213001B5F81 /* Sources */ = {
			isa = PBXSourcesBuildPhase;
			buildActionMask = 2147483647;
			files = (
				01A176FC2190413E00836F86 /* FinishedViewController.swift in Sources */,
				01A176FA219029CB00836F86 /* AnswerViewController.swift in Sources */,
				01CDD38E21854213001B5F81 /* ViewController.swift in Sources */,
				01A176F8218F9C8900836F86 /* QuestionViewController.swift in Sources */,
				013511AA21884DC200805E2C /* QuizData.swift in Sources */,
				013511AC2188F21900805E2C /* QuizTableViewCell.swift in Sources */,
				01CDD38C21854213001B5F81 /* AppDelegate.swift in Sources */,
			);
			runOnlyForDeploymentPostprocessing = 0;
		};
		01CDD39821854214001B5F81 /* Sources */ = {
			isa = PBXSourcesBuildPhase;
			buildActionMask = 2147483647;
			files = (
				01CDD3A121854214001B5F81 /* iQuizTests.swift in Sources */,
			);
			runOnlyForDeploymentPostprocessing = 0;
		};
		01CDD3A321854214001B5F81 /* Sources */ = {
			isa = PBXSourcesBuildPhase;
			buildActionMask = 2147483647;
			files = (
				01CDD3AC21854214001B5F81 /* iQuizUITests.swift in Sources */,
			);
			runOnlyForDeploymentPostprocessing = 0;
		};
/* End PBXSourcesBuildPhase section */

/* Begin PBXTargetDependency section */
		01CDD39E21854214001B5F81 /* PBXTargetDependency */ = {
			isa = PBXTargetDependency;
			target = 01CDD38721854213001B5F81 /* iQuiz */;
			targetProxy = 01CDD39D21854214001B5F81 /* PBXContainerItemProxy */;
		};
		01CDD3A921854214001B5F81 /* PBXTargetDependency */ = {
			isa = PBXTargetDependency;
			target = 01CDD38721854213001B5F81 /* iQuiz */;
			targetProxy = 01CDD3A821854214001B5F81 /* PBXContainerItemProxy */;
		};
/* End PBXTargetDependency section */

/* Begin PBXVariantGroup section */
		01CDD38F21854213001B5F81 /* Main.storyboard */ = {
			isa = PBXVariantGroup;
			children = (
				01CDD39021854213001B5F81 /* Base */,
			);
			name = Main.storyboard;
			sourceTree = "<group>";
		};
		01CDD39421854214001B5F81 /* LaunchScreen.storyboard */ = {
			isa = PBXVariantGroup;
			children = (
				01CDD39521854214001B5F81 /* Base */,
			);
			name = LaunchScreen.storyboard;
			sourceTree = "<group>";
		};
/* End PBXVariantGroup section */

/* Begin XCBuildConfiguration section */
		01CDD3AE21854214001B5F81 /* Debug */ = {
			isa = XCBuildConfiguration;
			buildSettings = {
				ALWAYS_SEARCH_USER_PATHS = NO;
				CLANG_ANALYZER_NONNULL = YES;
				CLANG_ANALYZER_NUMBER_OBJECT_CONVERSION = YES_AGGRESSIVE;
				CLANG_CXX_LANGUAGE_STANDARD = "gnu++14";
				CLANG_CXX_LIBRARY = "libc++";
				CLANG_ENABLE_MODULES = YES;
				CLANG_ENABLE_OBJC_ARC = YES;
				CLANG_ENABLE_OBJC_WEAK = YES;
				CLANG_WARN_BLOCK_CAPTURE_AUTORELEASING = YES;
				CLANG_WARN_BOOL_CONVERSION = YES;
				CLANG_WARN_COMMA = YES;
				CLANG_WARN_CONSTANT_CONVERSION = YES;
				CLANG_WARN_DEPRECATED_OBJC_IMPLEMENTATIONS = YES;
				CLANG_WARN_DIRECT_OBJC_ISA_USAGE = YES_ERROR;
				CLANG_WARN_DOCUMENTATION_COMMENTS = YES;
				CLANG_WARN_EMPTY_BODY = YES;
				CLANG_WARN_ENUM_CONVERSION = YES;
				CLANG_WARN_INFINITE_RECURSION = YES;
				CLANG_WARN_INT_CONVERSION = YES;
				CLANG_WARN_NON_LITERAL_NULL_CONVERSION = YES;
				CLANG_WARN_OBJC_IMPLICIT_RETAIN_SELF = YES;
				CLANG_WARN_OBJC_LITERAL_CONVERSION = YES;
				CLANG_WARN_OBJC_ROOT_CLASS = YES_ERROR;
				CLANG_WARN_RANGE_LOOP_ANALYSIS = YES;
				CLANG_WARN_STRICT_PROTOTYPES = YES;
				CLANG_WARN_SUSPICIOUS_MOVE = YES;
				CLANG_WARN_UNGUARDED_AVAILABILITY = YES_AGGRESSIVE;
				CLANG_WARN_UNREACHABLE_CODE = YES;
				CLANG_WARN__DUPLICATE_METHOD_MATCH = YES;
				CODE_SIGN_IDENTITY = "iPhone Developer";
				COPY_PHASE_STRIP = NO;
				DEBUG_INFORMATION_FORMAT = dwarf;
				ENABLE_STRICT_OBJC_MSGSEND = YES;
				ENABLE_TESTABILITY = YES;
				GCC_C_LANGUAGE_STANDARD = gnu11;
				GCC_DYNAMIC_NO_PIC = NO;
				GCC_NO_COMMON_BLOCKS = YES;
				GCC_OPTIMIZATION_LEVEL = 0;
				GCC_PREPROCESSOR_DEFINITIONS = (
					"DEBUG=1",
					"$(inherited)",
				);
				GCC_WARN_64_TO_32_BIT_CONVERSION = YES;
				GCC_WARN_ABOUT_RETURN_TYPE = YES_ERROR;
				GCC_WARN_UNDECLARED_SELECTOR = YES;
				GCC_WARN_UNINITIALIZED_AUTOS = YES_AGGRESSIVE;
				GCC_WARN_UNUSED_FUNCTION = YES;
				GCC_WARN_UNUSED_VARIABLE = YES;
				IPHONEOS_DEPLOYMENT_TARGET = 12.0;
				MTL_ENABLE_DEBUG_INFO = INCLUDE_SOURCE;
				MTL_FAST_MATH = YES;
				ONLY_ACTIVE_ARCH = YES;
				SDKROOT = iphoneos;
				SWIFT_ACTIVE_COMPILATION_CONDITIONS = DEBUG;
				SWIFT_OPTIMIZATION_LEVEL = "-Onone";
			};
			name = Debug;
		};
		01CDD3AF21854214001B5F81 /* Release */ = {
			isa = XCBuildConfiguration;
			buildSettings = {
				ALWAYS_SEARCH_USER_PATHS = NO;
				CLANG_ANALYZER_NONNULL = YES;
				CLANG_ANALYZER_NUMBER_OBJECT_CONVERSION = YES_AGGRESSIVE;
				CLANG_CXX_LANGUAGE_STANDARD = "gnu++14";
				CLANG_CXX_LIBRARY = "libc++";
				CLANG_ENABLE_MODULES = YES;
				CLANG_ENABLE_OBJC_ARC = YES;
				CLANG_ENABLE_OBJC_WEAK = YES;
				CLANG_WARN_BLOCK_CAPTURE_AUTORELEASING = YES;
				CLANG_WARN_BOOL_CONVERSION = YES;
				CLANG_WARN_COMMA = YES;
				CLANG_WARN_CONSTANT_CONVERSION = YES;
				CLANG_WARN_DEPRECATED_OBJC_IMPLEMENTATIONS = YES;
				CLANG_WARN_DIRECT_OBJC_ISA_USAGE = YES_ERROR;
				CLANG_WARN_DOCUMENTATION_COMMENTS = YES;
				CLANG_WARN_EMPTY_BODY = YES;
				CLANG_WARN_ENUM_CONVERSION = YES;
				CLANG_WARN_INFINITE_RECURSION = YES;
				CLANG_WARN_INT_CONVERSION = YES;
				CLANG_WARN_NON_LITERAL_NULL_CONVERSION = YES;
				CLANG_WARN_OBJC_IMPLICIT_RETAIN_SELF = YES;
				CLANG_WARN_OBJC_LITERAL_CONVERSION = YES;
				CLANG_WARN_OBJC_ROOT_CLASS = YES_ERROR;
				CLANG_WARN_RANGE_LOOP_ANALYSIS = YES;
				CLANG_WARN_STRICT_PROTOTYPES = YES;
				CLANG_WARN_SUSPICIOUS_MOVE = YES;
				CLANG_WARN_UNGUARDED_AVAILABILITY = YES_AGGRESSIVE;
				CLANG_WARN_UNREACHABLE_CODE = YES;
				CLANG_WARN__DUPLICATE_METHOD_MATCH = YES;
				CODE_SIGN_IDENTITY = "iPhone Developer";
				COPY_PHASE_STRIP = NO;
				DEBUG_INFORMATION_FORMAT = "dwarf-with-dsym";
				ENABLE_NS_ASSERTIONS = NO;
				ENABLE_STRICT_OBJC_MSGSEND = YES;
				GCC_C_LANGUAGE_STANDARD = gnu11;
				GCC_NO_COMMON_BLOCKS = YES;
				GCC_WARN_64_TO_32_BIT_CONVERSION = YES;
				GCC_WARN_ABOUT_RETURN_TYPE = YES_ERROR;
				GCC_WARN_UNDECLARED_SELECTOR = YES;
				GCC_WARN_UNINITIALIZED_AUTOS = YES_AGGRESSIVE;
				GCC_WARN_UNUSED_FUNCTION = YES;
				GCC_WARN_UNUSED_VARIABLE = YES;
				IPHONEOS_DEPLOYMENT_TARGET = 12.0;
				MTL_ENABLE_DEBUG_INFO = NO;
				MTL_FAST_MATH = YES;
				SDKROOT = iphoneos;
				SWIFT_COMPILATION_MODE = wholemodule;
				SWIFT_OPTIMIZATION_LEVEL = "-O";
				VALIDATE_PRODUCT = YES;
			};
			name = Release;
		};
		01CDD3B121854214001B5F81 /* Debug */ = {
			isa = XCBuildConfiguration;
			buildSettings = {
				ASSETCATALOG_COMPILER_APPICON_NAME = AppIcon;
				CODE_SIGN_STYLE = Automatic;
				DEVELOPMENT_TEAM = J82GKHS47H;
				INFOPLIST_FILE = iQuiz/Info.plist;
				LD_RUNPATH_SEARCH_PATHS = (
					"$(inherited)",
					"@executable_path/Frameworks",
				);
				PRODUCT_BUNDLE_IDENTIFIER = Frank.iQuiz;
				PRODUCT_NAME = "$(TARGET_NAME)";
				SWIFT_VERSION = 4.2;
				TARGETED_DEVICE_FAMILY = "1,2";
			};
			name = Debug;
		};
		01CDD3B221854214001B5F81 /* Release */ = {
			isa = XCBuildConfiguration;
			buildSettings = {
				ASSETCATALOG_COMPILER_APPICON_NAME = AppIcon;
				CODE_SIGN_STYLE = Automatic;
				DEVELOPMENT_TEAM = J82GKHS47H;
				INFOPLIST_FILE = iQuiz/Info.plist;
				LD_RUNPATH_SEARCH_PATHS = (
					"$(inherited)",
					"@executable_path/Frameworks",
				);
				PRODUCT_BUNDLE_IDENTIFIER = Frank.iQuiz;
				PRODUCT_NAME = "$(TARGET_NAME)";
				SWIFT_VERSION = 4.2;
				TARGETED_DEVICE_FAMILY = "1,2";
			};
			name = Release;
		};
		01CDD3B421854214001B5F81 /* Debug */ = {
			isa = XCBuildConfiguration;
			buildSettings = {
				ALWAYS_EMBED_SWIFT_STANDARD_LIBRARIES = YES;
				BUNDLE_LOADER = "$(TEST_HOST)";
				CODE_SIGN_STYLE = Automatic;
				DEVELOPMENT_TEAM = J82GKHS47H;
				INFOPLIST_FILE = iQuizTests/Info.plist;
				LD_RUNPATH_SEARCH_PATHS = (
					"$(inherited)",
					"@executable_path/Frameworks",
					"@loader_path/Frameworks",
				);
				PRODUCT_BUNDLE_IDENTIFIER = Frank.iQuizTests;
				PRODUCT_NAME = "$(TARGET_NAME)";
				SWIFT_VERSION = 4.2;
				TARGETED_DEVICE_FAMILY = "1,2";
				TEST_HOST = "$(BUILT_PRODUCTS_DIR)/iQuiz.app/iQuiz";
			};
			name = Debug;
		};
		01CDD3B521854214001B5F81 /* Release */ = {
			isa = XCBuildConfiguration;
			buildSettings = {
				ALWAYS_EMBED_SWIFT_STANDARD_LIBRARIES = YES;
				BUNDLE_LOADER = "$(TEST_HOST)";
				CODE_SIGN_STYLE = Automatic;
				DEVELOPMENT_TEAM = J82GKHS47H;
				INFOPLIST_FILE = iQuizTests/Info.plist;
				LD_RUNPATH_SEARCH_PATHS = (
					"$(inherited)",
					"@executable_path/Frameworks",
					"@loader_path/Frameworks",
				);
				PRODUCT_BUNDLE_IDENTIFIER = Frank.iQuizTests;
				PRODUCT_NAME = "$(TARGET_NAME)";
				SWIFT_VERSION = 4.2;
				TARGETED_DEVICE_FAMILY = "1,2";
				TEST_HOST = "$(BUILT_PRODUCTS_DIR)/iQuiz.app/iQuiz";
			};
			name = Release;
		};
		01CDD3B721854214001B5F81 /* Debug */ = {
			isa = XCBuildConfiguration;
			buildSettings = {
				ALWAYS_EMBED_SWIFT_STANDARD_LIBRARIES = YES;
				CODE_SIGN_STYLE = Automatic;
				DEVELOPMENT_TEAM = J82GKHS47H;
				INFOPLIST_FILE = iQuizUITests/Info.plist;
				LD_RUNPATH_SEARCH_PATHS = (
					"$(inherited)",
					"@executable_path/Frameworks",
					"@loader_path/Frameworks",
				);
				PRODUCT_BUNDLE_IDENTIFIER = Frank.iQuizUITests;
				PRODUCT_NAME = "$(TARGET_NAME)";
				SWIFT_VERSION = 4.2;
				TARGETED_DEVICE_FAMILY = "1,2";
				TEST_TARGET_NAME = iQuiz;
			};
			name = Debug;
		};
		01CDD3B821854214001B5F81 /* Release */ = {
			isa = XCBuildConfiguration;
			buildSettings = {
				ALWAYS_EMBED_SWIFT_STANDARD_LIBRARIES = YES;
				CODE_SIGN_STYLE = Automatic;
				DEVELOPMENT_TEAM = J82GKHS47H;
				INFOPLIST_FILE = iQuizUITests/Info.plist;
				LD_RUNPATH_SEARCH_PATHS = (
					"$(inherited)",
					"@executable_path/Frameworks",
					"@loader_path/Frameworks",
				);
				PRODUCT_BUNDLE_IDENTIFIER = Frank.iQuizUITests;
				PRODUCT_NAME = "$(TARGET_NAME)";
				SWIFT_VERSION = 4.2;
				TARGETED_DEVICE_FAMILY = "1,2";
				TEST_TARGET_NAME = iQuiz;
			};
			name = Release;
		};
/* End XCBuildConfiguration section */

/* Begin XCConfigurationList section */
		01CDD38321854213001B5F81 /* Build configuration list for PBXProject "iQuiz" */ = {
			isa = XCConfigurationList;
			buildConfigurations = (
				01CDD3AE21854214001B5F81 /* Debug */,
				01CDD3AF21854214001B5F81 /* Release */,
			);
			defaultConfigurationIsVisible = 0;
			defaultConfigurationName = Release;
		};
		01CDD3B021854214001B5F81 /* Build configuration list for PBXNativeTarget "iQuiz" */ = {
			isa = XCConfigurationList;
			buildConfigurations = (
				01CDD3B121854214001B5F81 /* Debug */,
				01CDD3B221854214001B5F81 /* Release */,
			);
			defaultConfigurationIsVisible = 0;
			defaultConfigurationName = Release;
		};
		01CDD3B321854214001B5F81 /* Build configuration list for PBXNativeTarget "iQuizTests" */ = {
			isa = XCConfigurationList;
			buildConfigurations = (
				01CDD3B421854214001B5F81 /* Debug */,
				01CDD3B521854214001B5F81 /* Release */,
			);
			defaultConfigurationIsVisible = 0;
			defaultConfigurationName = Release;
		};
		01CDD3B621854214001B5F81 /* Build configuration list for PBXNativeTarget "iQuizUITests" */ = {
			isa = XCConfigurationList;
			buildConfigurations = (
				01CDD3B721854214001B5F81 /* Debug */,
				01CDD3B821854214001B5F81 /* Release */,
			);
			defaultConfigurationIsVisible = 0;
			defaultConfigurationName = Release;
		};
/* End XCConfigurationList section */
	};
	rootObject = 01CDD38021854213001B5F81 /* Project object */;
}
